// !$*UTF8*$!
{
	archiveVersion = 1;
	classes = {
	};
	objectVersion = 50;
	objects = {

/* Begin PBXBuildFile section */
		F97CBFF523C221CC0001BE09 /* AboutView.swift in Sources */ = {isa = PBXBuildFile; fileRef = F97CBFF423C221CB0001BE09 /* AboutView.swift */; };
		F9A69A1A23BE870400C7F37F /* AppDelegate.swift in Sources */ = {isa = PBXBuildFile; fileRef = F9A69A1923BE870400C7F37F /* AppDelegate.swift */; };
		F9A69A1C23BE870400C7F37F /* SceneDelegate.swift in Sources */ = {isa = PBXBuildFile; fileRef = F9A69A1B23BE870400C7F37F /* SceneDelegate.swift */; };
		F9A69A1E23BE870400C7F37F /* ContentView.swift in Sources */ = {isa = PBXBuildFile; fileRef = F9A69A1D23BE870400C7F37F /* ContentView.swift */; };
		F9A69A2023BE870500C7F37F /* Assets.xcassets in Resources */ = {isa = PBXBuildFile; fileRef = F9A69A1F23BE870500C7F37F /* Assets.xcassets */; };
		F9A69A2323BE870500C7F37F /* Preview Assets.xcassets in Resources */ = {isa = PBXBuildFile; fileRef = F9A69A2223BE870500C7F37F /* Preview Assets.xcassets */; };
		F9A69A2623BE870500C7F37F /* LaunchScreen.storyboard in Resources */ = {isa = PBXBuildFile; fileRef = F9A69A2423BE870500C7F37F /* LaunchScreen.storyboard */; };
/* End PBXBuildFile section */

/* Begin PBXFileReference section */
		F97CBFF423C221CB0001BE09 /* AboutView.swift */ = {isa = PBXFileReference; lastKnownFileType = sourcecode.swift; path = AboutView.swift; sourceTree = "<group>"; };
		F9A69A1623BE870400C7F37F /* HitMe.app */ = {isa = PBXFileReference; explicitFileType = wrapper.application; includeInIndex = 0; path = HitMe.app; sourceTree = BUILT_PRODUCTS_DIR; };
		F9A69A1923BE870400C7F37F /* AppDelegate.swift */ = {isa = PBXFileReference; lastKnownFileType = sourcecode.swift; path = AppDelegate.swift; sourceTree = "<group>"; };
		F9A69A1B23BE870400C7F37F /* SceneDelegate.swift */ = {isa = PBXFileReference; lastKnownFileType = sourcecode.swift; path = SceneDelegate.swift; sourceTree = "<group>"; };
		F9A69A1D23BE870400C7F37F /* ContentView.swift */ = {isa = PBXFileReference; lastKnownFileType = sourcecode.swift; path = ContentView.swift; sourceTree = "<group>"; };
		F9A69A1F23BE870500C7F37F /* Assets.xcassets */ = {isa = PBXFileReference; lastKnownFileType = folder.assetcatalog; path = Assets.xcassets; sourceTree = "<group>"; };
		F9A69A2223BE870500C7F37F /* Preview Assets.xcassets */ = {isa = PBXFileReference; lastKnownFileType = folder.assetcatalog; path = "Preview Assets.xcassets"; sourceTree = "<group>"; };
		F9A69A2523BE870500C7F37F /* Base */ = {isa = PBXFileReference; lastKnownFileType = file.storyboard; name = Base; path = Base.lproj/LaunchScreen.storyboard; sourceTree = "<group>"; };
		F9A69A2723BE870500C7F37F /* Info.plist */ = {isa = PBXFileReference; lastKnownFileType = text.plist.xml; path = Info.plist; sourceTree = "<group>"; };
/* End PBXFileReference section */

/* Begin PBXFrameworksBuildPhase section */
		F9A69A1323BE870400C7F37F /* Frameworks */ = {
			isa = PBXFrameworksBuildPhase;
			buildActionMask = 2147483647;
			files = (
			);
			runOnlyForDeploymentPostprocessing = 0;
		};
/* End PBXFrameworksBuildPhase section */

/* Begin PBXGroup section */
		F9A69A0D23BE870400C7F37F = {
			isa = PBXGroup;
			children = (
				F9A69A1823BE870400C7F37F /* HitMe */,
				F9A69A1723BE870400C7F37F /* Products */,
			);
			sourceTree = "<group>";
		};
		F9A69A1723BE870400C7F37F /* Products */ = {
			isa = PBXGroup;
			children = (
				F9A69A1623BE870400C7F37F /* HitMe.app */,
			);
			name = Products;
			sourceTree = "<group>";
		};
		F9A69A1823BE870400C7F37F /* HitMe */ = {
			isa = PBXGroup;
			children = (
				F9A69A1D23BE870400C7F37F /* ContentView.swift */,
				F97CBFF423C221CB0001BE09 /* AboutView.swift */,
				F9A69A1923BE870400C7F37F /* AppDelegate.swift */,
				F9A69A1B23BE870400C7F37F /* SceneDelegate.swift */,
				F9A69A1F23BE870500C7F37F /* Assets.xcassets */,
				F9A69A2423BE870500C7F37F /* LaunchScreen.storyboard */,
				F9A69A2723BE870500C7F37F /* Info.plist */,
				F9A69A2123BE870500C7F37F /* Preview Content */,
			);
			path = HitMe;
			sourceTree = "<group>";
		};
		F9A69A2123BE870500C7F37F /* Preview Content */ = {
			isa = PBXGroup;
			children = (
				F9A69A2223BE870500C7F37F /* Preview Assets.xcassets */,
			);
			path = "Preview Content";
			sourceTree = "<group>";
		};
/* End PBXGroup section */

/* Begin PBXNativeTarget section */
		F9A69A1523BE870400C7F37F /* HitMe */ = {
			isa = PBXNativeTarget;
			buildConfigurationList = F9A69A2A23BE870500C7F37F /* Build configuration list for PBXNativeTarget "HitMe" */;
			buildPhases = (
				F9A69A1223BE870400C7F37F /* Sources */,
				F9A69A1323BE870400C7F37F /* Frameworks */,
				F9A69A1423BE870400C7F37F /* Resources */,
			);
			buildRules = (
			);
			dependencies = (
			);
			name = HitMe;
			productName = HitMe;
			productReference = F9A69A1623BE870400C7F37F /* HitMe.app */;
			productType = "com.apple.product-type.application";
		};
/* End PBXNativeTarget section */

/* Begin PBXProject section */
		F9A69A0E23BE870400C7F37F /* Project object */ = {
			isa = PBXProject;
			attributes = {
				LastSwiftUpdateCheck = 1120;
				LastUpgradeCheck = 1120;
				ORGANIZATIONNAME = "Angelos Roussakis";
				TargetAttributes = {
					F9A69A1523BE870400C7F37F = {
						CreatedOnToolsVersion = 11.2.1;
					};
				};
			};
			buildConfigurationList = F9A69A1123BE870400C7F37F /* Build configuration list for PBXProject "HitMe" */;
			compatibilityVersion = "Xcode 9.3";
			developmentRegion = en;
			hasScannedForEncodings = 0;
			knownRegions = (
				en,
				Base,
			);
			mainGroup = F9A69A0D23BE870400C7F37F;
			productRefGroup = F9A69A1723BE870400C7F37F /* Products */;
			projectDirPath = "";
			projectRoot = "";
			targets = (
				F9A69A1523BE870400C7F37F /* HitMe */,
			);
		};
/* End PBXProject section */

/* Begin PBXResourcesBuildPhase section */
		F9A69A1423BE870400C7F37F /* Resources */ = {
			isa = PBXResourcesBuildPhase;
			buildActionMask = 2147483647;
			files = (
				F9A69A2623BE870500C7F37F /* LaunchScreen.storyboard in Resources */,
				F9A69A2323BE870500C7F37F /* Preview Assets.xcassets in Resources */,
				F9A69A2023BE870500C7F37F /* Assets.xcassets in Resources */,
			);
			runOnlyForDeploymentPostprocessing = 0;
		};
/* End PBXResourcesBuildPhase section */

/* Begin PBXSourcesBuildPhase section */
		F9A69A1223BE870400C7F37F /* Sources */ = {
			isa = PBXSourcesBuildPhase;
			buildActionMask = 2147483647;
			files = (
				F97CBFF523C221CC0001BE09 /* AboutView.swift in Sources */,
				F9A69A1A23BE870400C7F37F /* AppDelegate.swift in Sources */,
				F9A69A1C23BE870400C7F37F /* SceneDelegate.swift in Sources */,
				F9A69A1E23BE870400C7F37F /* ContentView.swift in Sources */,
			);
			runOnlyForDeploymentPostprocessing = 0;
		};
/* End PBXSourcesBuildPhase section */

/* Begin PBXVariantGroup section */
		F9A69A2423BE870500C7F37F /* LaunchScreen.storyboard */ = {
			isa = PBXVariantGroup;
			children = (
				F9A69A2523BE870500C7F37F /* Base */,
			);
			name = LaunchScreen.storyboard;
			sourceTree = "<group>";
		};
/* End PBXVariantGroup section */

/* Begin XCBuildConfiguration section */
		F9A69A2823BE870500C7F37F /* Debug */ = {
			isa = XCBuildConfiguration;
			buildSettings = {
				ALWAYS_SEARCH_USER_PATHS = NO;
				CLANG_ANALYZER_NONNULL = YES;
				CLANG_ANALYZER_NUMBER_OBJECT_CONVERSION = YES_AGGRESSIVE;
				CLANG_CXX_LANGUAGE_STANDARD = "gnu++14";
				CLANG_CXX_LIBRARY = "libc++";
				CLANG_ENABLE_MODULES = YES;
				CLANG_ENABLE_OBJC_ARC = YES;
				CLANG_ENABLE_OBJC_WEAK = YES;
				CLANG_WARN_BLOCK_CAPTURE_AUTORELEASING = YES;
				CLANG_WARN_BOOL_CONVERSION = YES;
				CLANG_WARN_COMMA = YES;
				CLANG_WARN_CONSTANT_CONVERSION = YES;
				CLANG_WARN_DEPRECATED_OBJC_IMPLEMENTATIONS = YES;
				CLANG_WARN_DIRECT_OBJC_ISA_USAGE = YES_ERROR;
				CLANG_WARN_DOCUMENTATION_COMMENTS = YES;
				CLANG_WARN_EMPTY_BODY = YES;
				CLANG_WARN_ENUM_CONVERSION = YES;
				CLANG_WARN_INFINITE_RECURSION = YES;
				CLANG_WARN_INT_CONVERSION = YES;
				CLANG_WARN_NON_LITERAL_NULL_CONVERSION = YES;
				CLANG_WARN_OBJC_IMPLICIT_RETAIN_SELF = YES;
				CLANG_WARN_OBJC_LITERAL_CONVERSION = YES;
				CLANG_WARN_OBJC_ROOT_CLASS = YES_ERROR;
				CLANG_WARN_RANGE_LOOP_ANALYSIS = YES;
				CLANG_WARN_STRICT_PROTOTYPES = YES;
				CLANG_WARN_SUSPICIOUS_MOVE = YES;
				CLANG_WARN_UNGUARDED_AVAILABILITY = YES_AGGRESSIVE;
				CLANG_WARN_UNREACHABLE_CODE = YES;
				CLANG_WARN__DUPLICATE_METHOD_MATCH = YES;
				COPY_PHASE_STRIP = NO;
				DEBUG_INFORMATION_FORMAT = dwarf;
				ENABLE_STRICT_OBJC_MSGSEND = YES;
				ENABLE_TESTABILITY = YES;
				GCC_C_LANGUAGE_STANDARD = gnu11;
				GCC_DYNAMIC_NO_PIC = NO;
				GCC_NO_COMMON_BLOCKS = YES;
				GCC_OPTIMIZATION_LEVEL = 0;
				GCC_PREPROCESSOR_DEFINITIONS = (
					"DEBUG=1",
					"$(inherited)",
				);
				GCC_WARN_64_TO_32_BIT_CONVERSION = YES;
				GCC_WARN_ABOUT_RETURN_TYPE = YES_ERROR;
				GCC_WARN_UNDECLARED_SELECTOR = YES;
				GCC_WARN_UNINITIALIZED_AUTOS = YES_AGGRESSIVE;
				GCC_WARN_UNUSED_FUNCTION = YES;
				GCC_WARN_UNUSED_VARIABLE = YES;
				IPHONEOS_DEPLOYMENT_TARGET = 13.2;
				MTL_ENABLE_DEBUG_INFO = INCLUDE_SOURCE;
				MTL_FAST_MATH = YES;
				ONLY_ACTIVE_ARCH = YES;
				SDKROOT = iphoneos;
				SWIFT_ACTIVE_COMPILATION_CONDITIONS = DEBUG;
				SWIFT_OPTIMIZATION_LEVEL = "-Onone";
			};
			name = Debug;
		};
		F9A69A2923BE870500C7F37F /* Release */ = {
			isa = XCBuildConfiguration;
			buildSettings = {
				ALWAYS_SEARCH_USER_PATHS = NO;
				CLANG_ANALYZER_NONNULL = YES;
				CLANG_ANALYZER_NUMBER_OBJECT_CONVERSION = YES_AGGRESSIVE;
				CLANG_CXX_LANGUAGE_STANDARD = "gnu++14";
				CLANG_CXX_LIBRARY = "libc++";
				CLANG_ENABLE_MODULES = YES;
				CLANG_ENABLE_OBJC_ARC = YES;
				CLANG_ENABLE_OBJC_WEAK = YES;
				CLANG_WARN_BLOCK_CAPTURE_AUTORELEASING = YES;
				CLANG_WARN_BOOL_CONVERSION = YES;
				CLANG_WARN_COMMA = YES;
				CLANG_WARN_CONSTANT_CONVERSION = YES;
				CLANG_WARN_DEPRECATED_OBJC_IMPLEMENTATIONS = YES;
				CLANG_WARN_DIRECT_OBJC_ISA_USAGE = YES_ERROR;
				CLANG_WARN_DOCUMENTATION_COMMENTS = YES;
				CLANG_WARN_EMPTY_BODY = YES;
				CLANG_WARN_ENUM_CONVERSION = YES;
				CLANG_WARN_INFINITE_RECURSION = YES;
				CLANG_WARN_INT_CONVERSION = YES;
				CLANG_WARN_NON_LITERAL_NULL_CONVERSION = YES;
				CLANG_WARN_OBJC_IMPLICIT_RETAIN_SELF = YES;
				CLANG_WARN_OBJC_LITERAL_CONVERSION = YES;
				CLANG_WARN_OBJC_ROOT_CLASS = YES_ERROR;
				CLANG_WARN_RANGE_LOOP_ANALYSIS = YES;
				CLANG_WARN_STRICT_PROTOTYPES = YES;
				CLANG_WARN_SUSPICIOUS_MOVE = YES;
				CLANG_WARN_UNGUARDED_AVAILABILITY = YES_AGGRESSIVE;
				CLANG_WARN_UNREACHABLE_CODE = YES;
				CLANG_WARN__DUPLICATE_METHOD_MATCH = YES;
				COPY_PHASE_STRIP = NO;
				DEBUG_INFORMATION_FORMAT = "dwarf-with-dsym";
				ENABLE_NS_ASSERTIONS = NO;
				ENABLE_STRICT_OBJC_MSGSEND = YES;
				GCC_C_LANGUAGE_STANDARD = gnu11;
				GCC_NO_COMMON_BLOCKS = YES;
				GCC_WARN_64_TO_32_BIT_CONVERSION = YES;
				GCC_WARN_ABOUT_RETURN_TYPE = YES_ERROR;
				GCC_WARN_UNDECLARED_SELECTOR = YES;
				GCC_WARN_UNINITIALIZED_AUTOS = YES_AGGRESSIVE;
				GCC_WARN_UNUSED_FUNCTION = YES;
				GCC_WARN_UNUSED_VARIABLE = YES;
				IPHONEOS_DEPLOYMENT_TARGET = 13.2;
				MTL_ENABLE_DEBUG_INFO = NO;
				MTL_FAST_MATH = YES;
				SDKROOT = iphoneos;
				SWIFT_COMPILATION_MODE = wholemodule;
				SWIFT_OPTIMIZATION_LEVEL = "-O";
				VALIDATE_PRODUCT = YES;
			};
			name = Release;
		};
		F9A69A2B23BE870500C7F37F /* Debug */ = {
			isa = XCBuildConfiguration;
			buildSettings = {
				ASSETCATALOG_COMPILER_APPICON_NAME = AppIcon;
				CODE_SIGN_STYLE = Automatic;
				DEVELOPMENT_ASSET_PATHS = "\"HitMe/Preview Content\"";
				DEVELOPMENT_TEAM = E7M6XL5T85;
				ENABLE_PREVIEWS = YES;
				INFOPLIST_FILE = HitMe/Info.plist;
				LD_RUNPATH_SEARCH_PATHS = (
					"$(inherited)",
					"@executable_path/Frameworks",
				);
				PRODUCT_BUNDLE_IDENTIFIER = usefulapps.HitMe;
				PRODUCT_NAME = "$(TARGET_NAME)";
				SWIFT_VERSION = 5.0;
				TARGETED_DEVICE_FAMILY = "1,2";
			};
			name = Debug;
		};
		F9A69A2C23BE870500C7F37F /* Release */ = {
			isa = XCBuildConfiguration;
			buildSettings = {
				ASSETCATALOG_COMPILER_APPICON_NAME = AppIcon;
				CODE_SIGN_STYLE = Automatic;
				DEVELOPMENT_ASSET_PATHS = "\"HitMe/Preview Content\"";
				DEVELOPMENT_TEAM = E7M6XL5T85;
				ENABLE_PREVIEWS = YES;
				INFOPLIST_FILE = HitMe/Info.plist;
				LD_RUNPATH_SEARCH_PATHS = (
					"$(inherited)",
					"@executable_path/Frameworks",
				);
				PRODUCT_BUNDLE_IDENTIFIER = usefulapps.HitMe;
				PRODUCT_NAME = "$(TARGET_NAME)";
				SWIFT_VERSION = 5.0;
				TARGETED_DEVICE_FAMILY = "1,2";
			};
			name = Release;
		};
/* End XCBuildConfiguration section */

/* Begin XCConfigurationList section */
		F9A69A1123BE870400C7F37F /* Build configuration list for PBXProject "HitMe" */ = {
			isa = XCConfigurationList;
			buildConfigurations = (
				F9A69A2823BE870500C7F37F /* Debug */,
				F9A69A2923BE870500C7F37F /* Release */,
			);
			defaultConfigurationIsVisible = 0;
			defaultConfigurationName = Release;
		};
		F9A69A2A23BE870500C7F37F /* Build configuration list for PBXNativeTarget "HitMe" */ = {
			isa = XCConfigurationList;
			buildConfigurations = (
				F9A69A2B23BE870500C7F37F /* Debug */,
				F9A69A2C23BE870500C7F37F /* Release */,
			);
			defaultConfigurationIsVisible = 0;
			defaultConfigurationName = Release;
		};
/* End XCConfigurationList section */
	};
	rootObject = F9A69A0E23BE870400C7F37F /* Project object */;
}
